
Microsoft Visual Studio Solution File, Format Version 12.00
# Visual Studio 15
VisualStudioVersion = 15.0.26124.0
MinimumVisualStudioVersion = 15.0.26124.0
Project("{FAE04EC0-301F-11D3-BF4B-00C04F79EFBC}") = "Todo.Domain", "Todo.Domain\Todo.Domain.csproj", "{036AB3DB-D30A-4B09-8078-6EE4F92BFED2}"
EndProject
Project("{FAE04EC0-301F-11D3-BF4B-00C04F79EFBC}") = "Todo.Domain.Api", "Todo.Domain.Api\Todo.Domain.Api.csproj", "{0B955BDD-E28B-448C-AFC5-0B4D0840A750}"
EndProject
Project("{FAE04EC0-301F-11D3-BF4B-00C04F79EFBC}") = "Todo.Domain.Infra", "Todo.Domain.Infra\Todo.Domain.Infra.csproj", "{A10CD872-1F9A-470E-819F-E98376123167}"
EndProject
Project("{FAE04EC0-301F-11D3-BF4B-00C04F79EFBC}") = "Todo.Domain.Tests", "Todo.Domain.Tests\Todo.Domain.Tests.csproj", "{298B1064-863D-4584-BB7C-01F1C40F8929}"
EndProject
Global
	GlobalSection(SolutionConfigurationPlatforms) = preSolution
		Debug|Any CPU = Debug|Any CPU
		Debug|x64 = Debug|x64
		Debug|x86 = Debug|x86
		Release|Any CPU = Release|Any CPU
		Release|x64 = Release|x64
		Release|x86 = Release|x86
	EndGlobalSection
	GlobalSection(SolutionProperties) = preSolution
		HideSolutionNode = FALSE
	EndGlobalSection
	GlobalSection(ProjectConfigurationPlatforms) = postSolution
		{036AB3DB-D30A-4B09-8078-6EE4F92BFED2}.Debug|Any CPU.ActiveCfg = Debug|Any CPU
		{036AB3DB-D30A-4B09-8078-6EE4F92BFED2}.Debug|Any CPU.Build.0 = Debug|Any CPU
		{036AB3DB-D30A-4B09-8078-6EE4F92BFED2}.Debug|x64.ActiveCfg = Debug|Any CPU
		{036AB3DB-D30A-4B09-8078-6EE4F92BFED2}.Debug|x64.Build.0 = Debug|Any CPU
		{036AB3DB-D30A-4B09-8078-6EE4F92BFED2}.Debug|x86.ActiveCfg = Debug|Any CPU
		{036AB3DB-D30A-4B09-8078-6EE4F92BFED2}.Debug|x86.Build.0 = Debug|Any CPU
		{036AB3DB-D30A-4B09-8078-6EE4F92BFED2}.Release|Any CPU.ActiveCfg = Release|Any CPU
		{036AB3DB-D30A-4B09-8078-6EE4F92BFED2}.Release|Any CPU.Build.0 = Release|Any CPU
		{036AB3DB-D30A-4B09-8078-6EE4F92BFED2}.Release|x64.ActiveCfg = Release|Any CPU
		{036AB3DB-D30A-4B09-8078-6EE4F92BFED2}.Release|x64.Build.0 = Release|Any CPU
		{036AB3DB-D30A-4B09-8078-6EE4F92BFED2}.Release|x86.ActiveCfg = Release|Any CPU
		{036AB3DB-D30A-4B09-8078-6EE4F92BFED2}.Release|x86.Build.0 = Release|Any CPU
		{0B955BDD-E28B-448C-AFC5-0B4D0840A750}.Debug|Any CPU.ActiveCfg = Debug|Any CPU
		{0B955BDD-E28B-448C-AFC5-0B4D0840A750}.Debug|Any CPU.Build.0 = Debug|Any CPU
		{0B955BDD-E28B-448C-AFC5-0B4D0840A750}.Debug|x64.ActiveCfg = Debug|Any CPU
		{0B955BDD-E28B-448C-AFC5-0B4D0840A750}.Debug|x64.Build.0 = Debug|Any CPU
		{0B955BDD-E28B-448C-AFC5-0B4D0840A750}.Debug|x86.ActiveCfg = Debug|Any CPU
		{0B955BDD-E28B-448C-AFC5-0B4D0840A750}.Debug|x86.Build.0 = Debug|Any CPU
		{0B955BDD-E28B-448C-AFC5-0B4D0840A750}.Release|Any CPU.ActiveCfg = Release|Any CPU
		{0B955BDD-E28B-448C-AFC5-0B4D0840A750}.Release|Any CPU.Build.0 = Release|Any CPU
		{0B955BDD-E28B-448C-AFC5-0B4D0840A750}.Release|x64.ActiveCfg = Release|Any CPU
		{0B955BDD-E28B-448C-AFC5-0B4D0840A750}.Release|x64.Build.0 = Release|Any CPU
		{0B955BDD-E28B-448C-AFC5-0B4D0840A750}.Release|x86.ActiveCfg = Release|Any CPU
		{0B955BDD-E28B-448C-AFC5-0B4D0840A750}.Release|x86.Build.0 = Release|Any CPU
		{A10CD872-1F9A-470E-819F-E98376123167}.Debug|Any CPU.ActiveCfg = Debug|Any CPU
		{A10CD872-1F9A-470E-819F-E98376123167}.Debug|Any CPU.Build.0 = Debug|Any CPU
		{A10CD872-1F9A-470E-819F-E98376123167}.Debug|x64.ActiveCfg = Debug|Any CPU
		{A10CD872-1F9A-470E-819F-E98376123167}.Debug|x64.Build.0 = Debug|Any CPU
		{A10CD872-1F9A-470E-819F-E98376123167}.Debug|x86.ActiveCfg = Debug|Any CPU
		{A10CD872-1F9A-470E-819F-E98376123167}.Debug|x86.Build.0 = Debug|Any CPU
		{A10CD872-1F9A-470E-819F-E98376123167}.Release|Any CPU.ActiveCfg = Release|Any CPU
		{A10CD872-1F9A-470E-819F-E98376123167}.Release|Any CPU.Build.0 = Release|Any CPU
		{A10CD872-1F9A-470E-819F-E98376123167}.Release|x64.ActiveCfg = Release|Any CPU
		{A10CD872-1F9A-470E-819F-E98376123167}.Release|x64.Build.0 = Release|Any CPU
		{A10CD872-1F9A-470E-819F-E98376123167}.Release|x86.ActiveCfg = Release|Any CPU
		{A10CD872-1F9A-470E-819F-E98376123167}.Release|x86.Build.0 = Release|Any CPU
		{298B1064-863D-4584-BB7C-01F1C40F8929}.Debug|Any CPU.ActiveCfg = Debug|Any CPU
		{298B1064-863D-4584-BB7C-01F1C40F8929}.Debug|Any CPU.Build.0 = Debug|Any CPU
		{298B1064-863D-4584-BB7C-01F1C40F8929}.Debug|x64.ActiveCfg = Debug|Any CPU
		{298B1064-863D-4584-BB7C-01F1C40F8929}.Debug|x64.Build.0 = Debug|Any CPU
		{298B1064-863D-4584-BB7C-01F1C40F8929}.Debug|x86.ActiveCfg = Debug|Any CPU
		{298B1064-863D-4584-BB7C-01F1C40F8929}.Debug|x86.Build.0 = Debug|Any CPU
		{298B1064-863D-4584-BB7C-01F1C40F8929}.Release|Any CPU.ActiveCfg = Release|Any CPU
		{298B1064-863D-4584-BB7C-01F1C40F8929}.Release|Any CPU.Build.0 = Release|Any CPU
		{298B1064-863D-4584-BB7C-01F1C40F8929}.Release|x64.ActiveCfg = Release|Any CPU
		{298B1064-863D-4584-BB7C-01F1C40F8929}.Release|x64.Build.0 = Release|Any CPU
		{298B1064-863D-4584-BB7C-01F1C40F8929}.Release|x86.ActiveCfg = Release|Any CPU
		{298B1064-863D-4584-BB7C-01F1C40F8929}.Release|x86.Build.0 = Release|Any CPU
	EndGlobalSection
EndGlobal
